{
  "name": "bioinfo_tutorial_collection",
  "lockfileVersion": 2,
  "requires": true,
  "packages": {
    "": {
      "dependencies": {
        "bootstrap-umi": "^4.0.0"
      }
    },
    "node_modules/bootstrap": {
      "version": "4.0.0",
      "resolved": "https://registry.npmjs.org/bootstrap/-/bootstrap-4.0.0.tgz",
      "integrity": "sha512-gulJE5dGFo6Q61V/whS6VM4WIyrlydXfCgkE+Gxe5hjrJ8rXLLZlALq7zq2RPhOc45PSwQpJkrTnc2KgD6cvmA==",
      "engines": {
        "node": ">=6"
      },
      "peerDependencies": {
        "jquery": "1.9.1 - 3",
        "popper.js": "^1.12.9"
      }
    },
    "node_modules/bootstrap-umi": {
      "version": "4.0.0",
      "resolved": "https://registry.npmjs.org/bootstrap-umi/-/bootstrap-umi-4.0.0.tgz",
      "integrity": "sha512-zf6qPv32tT/eaJNxftNvbf+MHIdGW2r0Y9b67sNbQ6XnZup6QZdHlTypUdRDAzYDPIYWoAMbXeVigYNBge0CHw==",
      "dependencies": {
        "bootstrap": "4.0.0",
        "jquery": ">=1.9.1",
        "popper.js": "^1.14.3"
      }
    },
    "node_modules/jquery": {
      "version": "3.6.4",
      "resolved": "https://registry.npmjs.org/jquery/-/jquery-3.6.4.tgz",
      "integrity": "sha512-v28EW9DWDFpzcD9O5iyJXg3R3+q+mET5JhnjJzQUZMHOv67bpSIHq81GEYpPNZHG+XXHsfSme3nxp/hndKEcsQ=="
    },
    "node_modules/popper.js": {
      "version": "1.16.1",
      "resolved": "https://registry.npmjs.org/popper.js/-/popper.js-1.16.1.tgz",
      "integrity": "sha512-Wb4p1J4zyFTbM+u6WuO4XstYx4Ky9Cewe4DWrel7B0w6VVICvPwdOpotjzcf6eD8TsckVnIMNONQyPIUFOUbCQ==",
      "deprecated": "You can find the new Popper v2 at @popperjs/core, this package is dedicated to the legacy v1",
      "funding": {
        "type": "opencollective",
        "url": "https://opencollective.com/popperjs"
      }
    }
  },
  "dependencies": {
    "bootstrap": {
      "version": "4.0.0",
      "resolved": "https://registry.npmjs.org/bootstrap/-/bootstrap-4.0.0.tgz",
      "integrity": "sha512-gulJE5dGFo6Q61V/whS6VM4WIyrlydXfCgkE+Gxe5hjrJ8rXLLZlALq7zq2RPhOc45PSwQpJkrTnc2KgD6cvmA==",
      "requires": {}
    },
    "bootstrap-umi": {
      "version": "4.0.0",
      "resolved": "https://registry.npmjs.org/bootstrap-umi/-/bootstrap-umi-4.0.0.tgz",
      "integrity": "sha512-zf6qPv32tT/eaJNxftNvbf+MHIdGW2r0Y9b67sNbQ6XnZup6QZdHlTypUdRDAzYDPIYWoAMbXeVigYNBge0CHw==",
      "requires": {
        "bootstrap": "4.0.0",
        "jquery": ">=1.9.1",
        "popper.js": "^1.14.3"
      }
    },
    "jquery": {
      "version": "3.6.4",
      "resolved": "https://registry.npmjs.org/jquery/-/jquery-3.6.4.tgz",
      "integrity": "sha512-v28EW9DWDFpzcD9O5iyJXg3R3+q+mET5JhnjJzQUZMHOv67bpSIHq81GEYpPNZHG+XXHsfSme3nxp/hndKEcsQ=="
    },
    "popper.js": {
      "version": "1.16.1",
      "resolved": "https://registry.npmjs.org/popper.js/-/popper.js-1.16.1.tgz",
      "integrity": "sha512-Wb4p1J4zyFTbM+u6WuO4XstYx4Ky9Cewe4DWrel7B0w6VVICvPwdOpotjzcf6eD8TsckVnIMNONQyPIUFOUbCQ=="
    }
  }
}
